
Microsoft Visual Studio Solution File, Format Version 12.00
# Visual Studio Version 17
VisualStudioVersion = 17.11.35222.181
MinimumVisualStudioVersion = 10.0.40219.1
Project("{8BC9CEB8-8B4A-11D0-8D11-00A0C91BC942}") = "GradeBook", "GradeBook\GradeBook.vcxproj", "{477F8BC0-B93C-441D-A9DC-71B9A2C46A61}"
EndProject
Global
	GlobalSection(SolutionConfigurationPlatforms) = preSolution
		Debug|x64 = Debug|x64
		Debug|x86 = Debug|x86
		Release|x64 = Release|x64
		Release|x86 = Release|x86
	EndGlobalSection
	GlobalSection(ProjectConfigurationPlatforms) = postSolution
		{477F8BC0-B93C-441D-A9DC-71B9A2C46A61}.Debug|x64.ActiveCfg = Debug|x64
		{477F8BC0-B93C-441D-A9DC-71B9A2C46A61}.Debug|x64.Build.0 = Debug|x64
		{477F8BC0-B93C-441D-A9DC-71B9A2C46A61}.Debug|x86.ActiveCfg = Debug|Win32
		{477F8BC0-B93C-441D-A9DC-71B9A2C46A61}.Debug|x86.Build.0 = Debug|Win32
		{477F8BC0-B93C-441D-A9DC-71B9A2C46A61}.Release|x64.ActiveCfg = Release|x64
		{477F8BC0-B93C-441D-A9DC-71B9A2C46A61}.Release|x64.Build.0 = Release|x64
		{477F8BC0-B93C-441D-A9DC-71B9A2C46A61}.Release|x86.ActiveCfg = Release|Win32
		{477F8BC0-B93C-441D-A9DC-71B9A2C46A61}.Release|x86.Build.0 = Release|Win32
	EndGlobalSection
	GlobalSection(SolutionProperties) = preSolution
		HideSolutionNode = FALSE
	EndGlobalSection
	GlobalSection(ExtensibilityGlobals) = postSolution
		SolutionGuid = {ABDBA2A1-C225-4569-80EE-0C0AB164F1C2}
	EndGlobalSection
EndGlobal
